
Microsoft Visual Studio Solution File, Format Version 11.00
# Visual Studio 2010
Project("{FAE04EC0-301F-11D3-BF4B-00C04F79EFBC}") = "DistributedServiceProvider_RemoteLogger", "DistributedServiceProvider_RemoteLogger\DistributedServiceProvider_RemoteLogger.csproj", "{858D786C-E800-4FBC-A956-3E8DE46B9238}"
EndProject
Project("{FAE04EC0-301F-11D3-BF4B-00C04F79EFBC}") = "LogPrinter", "LogPrinter\LogPrinter.csproj", "{9505CAA0-93C5-4B99-83D5-39008AE74B7B}"
EndProject
Project("{FAE04EC0-301F-11D3-BF4B-00C04F79EFBC}") = "DistributedServiceProvider.Base", "..\DistributedServiceProvider\DistributedServiceProviderModels\DistributedServiceProvider.Base.csproj", "{024ECFB7-AA89-4C58-BE96-C2488EEA877A}"
EndProject
Project("{FAE04EC0-301F-11D3-BF4B-00C04F79EFBC}") = "LoggerMessages", "..\DistributedServiceProvider\LoggerMessages\LoggerMessages.csproj", "{A40A2B1E-100D-431B-86FC-2665738470A5}"
EndProject
Project("{FAE04EC0-301F-11D3-BF4B-00C04F79EFBC}") = "ConcurrentPipes", "..\..\..\..\..\Visual Studio 2010\Projects\ConcurrentPipes\ConcurrentPipes\ConcurrentPipes.csproj", "{D37D40C6-FD61-4986-BC8F-8FCEA897437E}"
EndProject
Project("{FAE04EC0-301F-11D3-BF4B-00C04F79EFBC}") = "protobuf-net", "..\..\..\..\..\Visual Studio 2010\Projects\protobuf.net\protobuf-net\protobuf-net.csproj", "{8374E4D7-2A91-48F1-9360-09B09CF27C3F}"
EndProject
Project("{FAE04EC0-301F-11D3-BF4B-00C04F79EFBC}") = "HandyCollections", "..\..\..\..\..\Visual Studio 2010\Projects\HandyCollections\HandyCollections\HandyCollections.csproj", "{C18B7765-C1F8-4769-A114-291D0BDB5865}"
EndProject
Project("{FAE04EC0-301F-11D3-BF4B-00C04F79EFBC}") = "NetworkVisualiser", "NetworkVisualiser\NetworkVisualiser\NetworkVisualiser.csproj", "{72547B2C-C28A-4A6B-B0AD-0F0229EA72B6}"
EndProject
Project("{FAE04EC0-301F-11D3-BF4B-00C04F79EFBC}") = "NetworkVisualiserContent", "NetworkVisualiser\NetworkVisualiserContent\NetworkVisualiserContent.contentproj", "{4EA53696-0F13-4D14-8A0B-CF40A313FD96}"
EndProject
Global
	GlobalSection(SolutionConfigurationPlatforms) = preSolution
		Debug|Any CPU = Debug|Any CPU
		Debug|Mixed Platforms = Debug|Mixed Platforms
		Debug|x86 = Debug|x86
		Net20|Any CPU = Net20|Any CPU
		Net20|Mixed Platforms = Net20|Mixed Platforms
		Net20|x86 = Net20|x86
		Profile|Any CPU = Profile|Any CPU
		Profile|Mixed Platforms = Profile|Mixed Platforms
		Profile|x86 = Profile|x86
		Release|Any CPU = Release|Any CPU
		Release|Mixed Platforms = Release|Mixed Platforms
		Release|x86 = Release|x86
		Silverlight2|Any CPU = Silverlight2|Any CPU
		Silverlight2|Mixed Platforms = Silverlight2|Mixed Platforms
		Silverlight2|x86 = Silverlight2|x86
	EndGlobalSection
	GlobalSection(ProjectConfigurationPlatforms) = postSolution
		{858D786C-E800-4FBC-A956-3E8DE46B9238}.Debug|Any CPU.ActiveCfg = Debug|Any CPU
		{858D786C-E800-4FBC-A956-3E8DE46B9238}.Debug|Any CPU.Build.0 = Debug|Any CPU
		{858D786C-E800-4FBC-A956-3E8DE46B9238}.Debug|Mixed Platforms.ActiveCfg = Debug|Any CPU
		{858D786C-E800-4FBC-A956-3E8DE46B9238}.Debug|Mixed Platforms.Build.0 = Debug|Any CPU
		{858D786C-E800-4FBC-A956-3E8DE46B9238}.Debug|x86.ActiveCfg = Debug|Any CPU
		{858D786C-E800-4FBC-A956-3E8DE46B9238}.Net20|Any CPU.ActiveCfg = Release|Any CPU
		{858D786C-E800-4FBC-A956-3E8DE46B9238}.Net20|Any CPU.Build.0 = Release|Any CPU
		{858D786C-E800-4FBC-A956-3E8DE46B9238}.Net20|Mixed Platforms.ActiveCfg = Release|Any CPU
		{858D786C-E800-4FBC-A956-3E8DE46B9238}.Net20|Mixed Platforms.Build.0 = Release|Any CPU
		{858D786C-E800-4FBC-A956-3E8DE46B9238}.Net20|x86.ActiveCfg = Release|Any CPU
		{858D786C-E800-4FBC-A956-3E8DE46B9238}.Profile|Any CPU.ActiveCfg = Release|Any CPU
		{858D786C-E800-4FBC-A956-3E8DE46B9238}.Profile|Any CPU.Build.0 = Release|Any CPU
		{858D786C-E800-4FBC-A956-3E8DE46B9238}.Profile|Mixed Platforms.ActiveCfg = Release|Any CPU
		{858D786C-E800-4FBC-A956-3E8DE46B9238}.Profile|Mixed Platforms.Build.0 = Release|Any CPU
		{858D786C-E800-4FBC-A956-3E8DE46B9238}.Profile|x86.ActiveCfg = Release|Any CPU
		{858D786C-E800-4FBC-A956-3E8DE46B9238}.Release|Any CPU.ActiveCfg = Release|Any CPU
		{858D786C-E800-4FBC-A956-3E8DE46B9238}.Release|Any CPU.Build.0 = Release|Any CPU
		{858D786C-E800-4FBC-A956-3E8DE46B9238}.Release|Mixed Platforms.ActiveCfg = Release|Any CPU
		{858D786C-E800-4FBC-A956-3E8DE46B9238}.Release|Mixed Platforms.Build.0 = Release|Any CPU
		{858D786C-E800-4FBC-A956-3E8DE46B9238}.Release|x86.ActiveCfg = Release|Any CPU
		{858D786C-E800-4FBC-A956-3E8DE46B9238}.Silverlight2|Any CPU.ActiveCfg = Release|Any CPU
		{858D786C-E800-4FBC-A956-3E8DE46B9238}.Silverlight2|Any CPU.Build.0 = Release|Any CPU
		{858D786C-E800-4FBC-A956-3E8DE46B9238}.Silverlight2|Mixed Platforms.ActiveCfg = Release|Any CPU
		{858D786C-E800-4FBC-A956-3E8DE46B9238}.Silverlight2|Mixed Platforms.Build.0 = Release|Any CPU
		{858D786C-E800-4FBC-A956-3E8DE46B9238}.Silverlight2|x86.ActiveCfg = Release|Any CPU
		{9505CAA0-93C5-4B99-83D5-39008AE74B7B}.Debug|Any CPU.ActiveCfg = Debug|x86
		{9505CAA0-93C5-4B99-83D5-39008AE74B7B}.Debug|Mixed Platforms.ActiveCfg = Debug|x86
		{9505CAA0-93C5-4B99-83D5-39008AE74B7B}.Debug|Mixed Platforms.Build.0 = Debug|x86
		{9505CAA0-93C5-4B99-83D5-39008AE74B7B}.Debug|x86.ActiveCfg = Debug|x86
		{9505CAA0-93C5-4B99-83D5-39008AE74B7B}.Debug|x86.Build.0 = Debug|x86
		{9505CAA0-93C5-4B99-83D5-39008AE74B7B}.Net20|Any CPU.ActiveCfg = Release|x86
		{9505CAA0-93C5-4B99-83D5-39008AE74B7B}.Net20|Mixed Platforms.ActiveCfg = Release|x86
		{9505CAA0-93C5-4B99-83D5-39008AE74B7B}.Net20|Mixed Platforms.Build.0 = Release|x86
		{9505CAA0-93C5-4B99-83D5-39008AE74B7B}.Net20|x86.ActiveCfg = Release|x86
		{9505CAA0-93C5-4B99-83D5-39008AE74B7B}.Net20|x86.Build.0 = Release|x86
		{9505CAA0-93C5-4B99-83D5-39008AE74B7B}.Profile|Any CPU.ActiveCfg = Release|x86
		{9505CAA0-93C5-4B99-83D5-39008AE74B7B}.Profile|Mixed Platforms.ActiveCfg = Release|x86
		{9505CAA0-93C5-4B99-83D5-39008AE74B7B}.Profile|Mixed Platforms.Build.0 = Release|x86
		{9505CAA0-93C5-4B99-83D5-39008AE74B7B}.Profile|x86.ActiveCfg = Release|x86
		{9505CAA0-93C5-4B99-83D5-39008AE74B7B}.Profile|x86.Build.0 = Release|x86
		{9505CAA0-93C5-4B99-83D5-39008AE74B7B}.Release|Any CPU.ActiveCfg = Release|x86
		{9505CAA0-93C5-4B99-83D5-39008AE74B7B}.Release|Mixed Platforms.ActiveCfg = Release|x86
		{9505CAA0-93C5-4B99-83D5-39008AE74B7B}.Release|Mixed Platforms.Build.0 = Release|x86
		{9505CAA0-93C5-4B99-83D5-39008AE74B7B}.Release|x86.ActiveCfg = Release|x86
		{9505CAA0-93C5-4B99-83D5-39008AE74B7B}.Release|x86.Build.0 = Release|x86
		{9505CAA0-93C5-4B99-83D5-39008AE74B7B}.Silverlight2|Any CPU.ActiveCfg = Release|x86
		{9505CAA0-93C5-4B99-83D5-39008AE74B7B}.Silverlight2|Mixed Platforms.ActiveCfg = Release|x86
		{9505CAA0-93C5-4B99-83D5-39008AE74B7B}.Silverlight2|Mixed Platforms.Build.0 = Release|x86
		{9505CAA0-93C5-4B99-83D5-39008AE74B7B}.Silverlight2|x86.ActiveCfg = Release|x86
		{9505CAA0-93C5-4B99-83D5-39008AE74B7B}.Silverlight2|x86.Build.0 = Release|x86
		{024ECFB7-AA89-4C58-BE96-C2488EEA877A}.Debug|Any CPU.ActiveCfg = Debug|Any CPU
		{024ECFB7-AA89-4C58-BE96-C2488EEA877A}.Debug|Any CPU.Build.0 = Debug|Any CPU
		{024ECFB7-AA89-4C58-BE96-C2488EEA877A}.Debug|Mixed Platforms.ActiveCfg = Debug|Any CPU
		{024ECFB7-AA89-4C58-BE96-C2488EEA877A}.Debug|Mixed Platforms.Build.0 = Debug|Any CPU
		{024ECFB7-AA89-4C58-BE96-C2488EEA877A}.Debug|x86.ActiveCfg = Debug|Any CPU
		{024ECFB7-AA89-4C58-BE96-C2488EEA877A}.Net20|Any CPU.ActiveCfg = Release|Any CPU
		{024ECFB7-AA89-4C58-BE96-C2488EEA877A}.Net20|Any CPU.Build.0 = Release|Any CPU
		{024ECFB7-AA89-4C58-BE96-C2488EEA877A}.Net20|Mixed Platforms.ActiveCfg = Release|Any CPU
		{024ECFB7-AA89-4C58-BE96-C2488EEA877A}.Net20|Mixed Platforms.Build.0 = Release|Any CPU
		{024ECFB7-AA89-4C58-BE96-C2488EEA877A}.Net20|x86.ActiveCfg = Release|Any CPU
		{024ECFB7-AA89-4C58-BE96-C2488EEA877A}.Profile|Any CPU.ActiveCfg = Release|Any CPU
		{024ECFB7-AA89-4C58-BE96-C2488EEA877A}.Profile|Any CPU.Build.0 = Release|Any CPU
		{024ECFB7-AA89-4C58-BE96-C2488EEA877A}.Profile|Mixed Platforms.ActiveCfg = Release|Any CPU
		{024ECFB7-AA89-4C58-BE96-C2488EEA877A}.Profile|Mixed Platforms.Build.0 = Release|Any CPU
		{024ECFB7-AA89-4C58-BE96-C2488EEA877A}.Profile|x86.ActiveCfg = Release|Any CPU
		{024ECFB7-AA89-4C58-BE96-C2488EEA877A}.Release|Any CPU.ActiveCfg = Release|Any CPU
		{024ECFB7-AA89-4C58-BE96-C2488EEA877A}.Release|Any CPU.Build.0 = Release|Any CPU
		{024ECFB7-AA89-4C58-BE96-C2488EEA877A}.Release|Mixed Platforms.ActiveCfg = Release|Any CPU
		{024ECFB7-AA89-4C58-BE96-C2488EEA877A}.Release|Mixed Platforms.Build.0 = Release|Any CPU
		{024ECFB7-AA89-4C58-BE96-C2488EEA877A}.Release|x86.ActiveCfg = Release|Any CPU
		{024ECFB7-AA89-4C58-BE96-C2488EEA877A}.Silverlight2|Any CPU.ActiveCfg = Release|Any CPU
		{024ECFB7-AA89-4C58-BE96-C2488EEA877A}.Silverlight2|Any CPU.Build.0 = Release|Any CPU
		{024ECFB7-AA89-4C58-BE96-C2488EEA877A}.Silverlight2|Mixed Platforms.ActiveCfg = Release|Any CPU
		{024ECFB7-AA89-4C58-BE96-C2488EEA877A}.Silverlight2|Mixed Platforms.Build.0 = Release|Any CPU
		{024ECFB7-AA89-4C58-BE96-C2488EEA877A}.Silverlight2|x86.ActiveCfg = Release|Any CPU
		{A40A2B1E-100D-431B-86FC-2665738470A5}.Debug|Any CPU.ActiveCfg = Debug|Any CPU
		{A40A2B1E-100D-431B-86FC-2665738470A5}.Debug|Any CPU.Build.0 = Debug|Any CPU
		{A40A2B1E-100D-431B-86FC-2665738470A5}.Debug|Mixed Platforms.ActiveCfg = Debug|Any CPU
		{A40A2B1E-100D-431B-86FC-2665738470A5}.Debug|Mixed Platforms.Build.0 = Debug|Any CPU
		{A40A2B1E-100D-431B-86FC-2665738470A5}.Debug|x86.ActiveCfg = Debug|Any CPU
		{A40A2B1E-100D-431B-86FC-2665738470A5}.Net20|Any CPU.ActiveCfg = Release|Any CPU
		{A40A2B1E-100D-431B-86FC-2665738470A5}.Net20|Any CPU.Build.0 = Release|Any CPU
		{A40A2B1E-100D-431B-86FC-2665738470A5}.Net20|Mixed Platforms.ActiveCfg = Release|Any CPU
		{A40A2B1E-100D-431B-86FC-2665738470A5}.Net20|Mixed Platforms.Build.0 = Release|Any CPU
		{A40A2B1E-100D-431B-86FC-2665738470A5}.Net20|x86.ActiveCfg = Release|Any CPU
		{A40A2B1E-100D-431B-86FC-2665738470A5}.Profile|Any CPU.ActiveCfg = Release|Any CPU
		{A40A2B1E-100D-431B-86FC-2665738470A5}.Profile|Any CPU.Build.0 = Release|Any CPU
		{A40A2B1E-100D-431B-86FC-2665738470A5}.Profile|Mixed Platforms.ActiveCfg = Release|Any CPU
		{A40A2B1E-100D-431B-86FC-2665738470A5}.Profile|Mixed Platforms.Build.0 = Release|Any CPU
		{A40A2B1E-100D-431B-86FC-2665738470A5}.Profile|x86.ActiveCfg = Release|Any CPU
		{A40A2B1E-100D-431B-86FC-2665738470A5}.Release|Any CPU.ActiveCfg = Release|Any CPU
		{A40A2B1E-100D-431B-86FC-2665738470A5}.Release|Any CPU.Build.0 = Release|Any CPU
		{A40A2B1E-100D-431B-86FC-2665738470A5}.Release|Mixed Platforms.ActiveCfg = Release|Any CPU
		{A40A2B1E-100D-431B-86FC-2665738470A5}.Release|Mixed Platforms.Build.0 = Release|Any CPU
		{A40A2B1E-100D-431B-86FC-2665738470A5}.Release|x86.ActiveCfg = Release|Any CPU
		{A40A2B1E-100D-431B-86FC-2665738470A5}.Silverlight2|Any CPU.ActiveCfg = Release|Any CPU
		{A40A2B1E-100D-431B-86FC-2665738470A5}.Silverlight2|Any CPU.Build.0 = Release|Any CPU
		{A40A2B1E-100D-431B-86FC-2665738470A5}.Silverlight2|Mixed Platforms.ActiveCfg = Release|Any CPU
		{A40A2B1E-100D-431B-86FC-2665738470A5}.Silverlight2|Mixed Platforms.Build.0 = Release|Any CPU
		{A40A2B1E-100D-431B-86FC-2665738470A5}.Silverlight2|x86.ActiveCfg = Release|Any CPU
		{D37D40C6-FD61-4986-BC8F-8FCEA897437E}.Debug|Any CPU.ActiveCfg = Debug|Any CPU
		{D37D40C6-FD61-4986-BC8F-8FCEA897437E}.Debug|Any CPU.Build.0 = Debug|Any CPU
		{D37D40C6-FD61-4986-BC8F-8FCEA897437E}.Debug|Mixed Platforms.ActiveCfg = Debug|Any CPU
		{D37D40C6-FD61-4986-BC8F-8FCEA897437E}.Debug|Mixed Platforms.Build.0 = Debug|Any CPU
		{D37D40C6-FD61-4986-BC8F-8FCEA897437E}.Debug|x86.ActiveCfg = Debug|Any CPU
		{D37D40C6-FD61-4986-BC8F-8FCEA897437E}.Net20|Any CPU.ActiveCfg = Release|Any CPU
		{D37D40C6-FD61-4986-BC8F-8FCEA897437E}.Net20|Any CPU.Build.0 = Release|Any CPU
		{D37D40C6-FD61-4986-BC8F-8FCEA897437E}.Net20|Mixed Platforms.ActiveCfg = Release|Any CPU
		{D37D40C6-FD61-4986-BC8F-8FCEA897437E}.Net20|Mixed Platforms.Build.0 = Release|Any CPU
		{D37D40C6-FD61-4986-BC8F-8FCEA897437E}.Net20|x86.ActiveCfg = Release|Any CPU
		{D37D40C6-FD61-4986-BC8F-8FCEA897437E}.Profile|Any CPU.ActiveCfg = Release|Any CPU
		{D37D40C6-FD61-4986-BC8F-8FCEA897437E}.Profile|Any CPU.Build.0 = Release|Any CPU
		{D37D40C6-FD61-4986-BC8F-8FCEA897437E}.Profile|Mixed Platforms.ActiveCfg = Release|Any CPU
		{D37D40C6-FD61-4986-BC8F-8FCEA897437E}.Profile|Mixed Platforms.Build.0 = Release|Any CPU
		{D37D40C6-FD61-4986-BC8F-8FCEA897437E}.Profile|x86.ActiveCfg = Release|Any CPU
		{D37D40C6-FD61-4986-BC8F-8FCEA897437E}.Release|Any CPU.ActiveCfg = Release|Any CPU
		{D37D40C6-FD61-4986-BC8F-8FCEA897437E}.Release|Any CPU.Build.0 = Release|Any CPU
		{D37D40C6-FD61-4986-BC8F-8FCEA897437E}.Release|Mixed Platforms.ActiveCfg = Release|Any CPU
		{D37D40C6-FD61-4986-BC8F-8FCEA897437E}.Release|Mixed Platforms.Build.0 = Release|Any CPU
		{D37D40C6-FD61-4986-BC8F-8FCEA897437E}.Release|x86.ActiveCfg = Release|Any CPU
		{D37D40C6-FD61-4986-BC8F-8FCEA897437E}.Silverlight2|Any CPU.ActiveCfg = Release|Any CPU
		{D37D40C6-FD61-4986-BC8F-8FCEA897437E}.Silverlight2|Any CPU.Build.0 = Release|Any CPU
		{D37D40C6-FD61-4986-BC8F-8FCEA897437E}.Silverlight2|Mixed Platforms.ActiveCfg = Release|Any CPU
		{D37D40C6-FD61-4986-BC8F-8FCEA897437E}.Silverlight2|Mixed Platforms.Build.0 = Release|Any CPU
		{D37D40C6-FD61-4986-BC8F-8FCEA897437E}.Silverlight2|x86.ActiveCfg = Release|Any CPU
		{8374E4D7-2A91-48F1-9360-09B09CF27C3F}.Debug|Any CPU.ActiveCfg = Debug|Any CPU
		{8374E4D7-2A91-48F1-9360-09B09CF27C3F}.Debug|Any CPU.Build.0 = Debug|Any CPU
		{8374E4D7-2A91-48F1-9360-09B09CF27C3F}.Debug|Mixed Platforms.ActiveCfg = Debug|Any CPU
		{8374E4D7-2A91-48F1-9360-09B09CF27C3F}.Debug|Mixed Platforms.Build.0 = Debug|Any CPU
		{8374E4D7-2A91-48F1-9360-09B09CF27C3F}.Debug|x86.ActiveCfg = Debug|Any CPU
		{8374E4D7-2A91-48F1-9360-09B09CF27C3F}.Net20|Any CPU.ActiveCfg = Net20|Any CPU
		{8374E4D7-2A91-48F1-9360-09B09CF27C3F}.Net20|Any CPU.Build.0 = Net20|Any CPU
		{8374E4D7-2A91-48F1-9360-09B09CF27C3F}.Net20|Mixed Platforms.ActiveCfg = Net20|Any CPU
		{8374E4D7-2A91-48F1-9360-09B09CF27C3F}.Net20|Mixed Platforms.Build.0 = Net20|Any CPU
		{8374E4D7-2A91-48F1-9360-09B09CF27C3F}.Net20|x86.ActiveCfg = Net20|Any CPU
		{8374E4D7-2A91-48F1-9360-09B09CF27C3F}.Profile|Any CPU.ActiveCfg = Profile|Any CPU
		{8374E4D7-2A91-48F1-9360-09B09CF27C3F}.Profile|Any CPU.Build.0 = Profile|Any CPU
		{8374E4D7-2A91-48F1-9360-09B09CF27C3F}.Profile|Mixed Platforms.ActiveCfg = Profile|Any CPU
		{8374E4D7-2A91-48F1-9360-09B09CF27C3F}.Profile|Mixed Platforms.Build.0 = Profile|Any CPU
		{8374E4D7-2A91-48F1-9360-09B09CF27C3F}.Profile|x86.ActiveCfg = Profile|Any CPU
		{8374E4D7-2A91-48F1-9360-09B09CF27C3F}.Release|Any CPU.ActiveCfg = Release|Any CPU
		{8374E4D7-2A91-48F1-9360-09B09CF27C3F}.Release|Any CPU.Build.0 = Release|Any CPU
		{8374E4D7-2A91-48F1-9360-09B09CF27C3F}.Release|Mixed Platforms.ActiveCfg = Release|Any CPU
		{8374E4D7-2A91-48F1-9360-09B09CF27C3F}.Release|Mixed Platforms.Build.0 = Release|Any CPU
		{8374E4D7-2A91-48F1-9360-09B09CF27C3F}.Release|x86.ActiveCfg = Release|Any CPU
		{8374E4D7-2A91-48F1-9360-09B09CF27C3F}.Silverlight2|Any CPU.ActiveCfg = Silverlight2|Any CPU
		{8374E4D7-2A91-48F1-9360-09B09CF27C3F}.Silverlight2|Any CPU.Build.0 = Silverlight2|Any CPU
		{8374E4D7-2A91-48F1-9360-09B09CF27C3F}.Silverlight2|Mixed Platforms.ActiveCfg = Silverlight2|Any CPU
		{8374E4D7-2A91-48F1-9360-09B09CF27C3F}.Silverlight2|Mixed Platforms.Build.0 = Silverlight2|Any CPU
		{8374E4D7-2A91-48F1-9360-09B09CF27C3F}.Silverlight2|x86.ActiveCfg = Silverlight2|Any CPU
		{C18B7765-C1F8-4769-A114-291D0BDB5865}.Debug|Any CPU.ActiveCfg = Debug|Any CPU
		{C18B7765-C1F8-4769-A114-291D0BDB5865}.Debug|Any CPU.Build.0 = Debug|Any CPU
		{C18B7765-C1F8-4769-A114-291D0BDB5865}.Debug|Mixed Platforms.ActiveCfg = Debug|Any CPU
		{C18B7765-C1F8-4769-A114-291D0BDB5865}.Debug|Mixed Platforms.Build.0 = Debug|Any CPU
		{C18B7765-C1F8-4769-A114-291D0BDB5865}.Debug|x86.ActiveCfg = Debug|Any CPU
		{C18B7765-C1F8-4769-A114-291D0BDB5865}.Net20|Any CPU.ActiveCfg = Release|Any CPU
		{C18B7765-C1F8-4769-A114-291D0BDB5865}.Net20|Any CPU.Build.0 = Release|Any CPU
		{C18B7765-C1F8-4769-A114-291D0BDB5865}.Net20|Mixed Platforms.ActiveCfg = Release|Any CPU
		{C18B7765-C1F8-4769-A114-291D0BDB5865}.Net20|Mixed Platforms.Build.0 = Release|Any CPU
		{C18B7765-C1F8-4769-A114-291D0BDB5865}.Net20|x86.ActiveCfg = Release|Any CPU
		{C18B7765-C1F8-4769-A114-291D0BDB5865}.Profile|Any CPU.ActiveCfg = Release|Any CPU
		{C18B7765-C1F8-4769-A114-291D0BDB5865}.Profile|Any CPU.Build.0 = Release|Any CPU
		{C18B7765-C1F8-4769-A114-291D0BDB5865}.Profile|Mixed Platforms.ActiveCfg = Release|Any CPU
		{C18B7765-C1F8-4769-A114-291D0BDB5865}.Profile|Mixed Platforms.Build.0 = Release|Any CPU
		{C18B7765-C1F8-4769-A114-291D0BDB5865}.Profile|x86.ActiveCfg = Release|Any CPU
		{C18B7765-C1F8-4769-A114-291D0BDB5865}.Release|Any CPU.ActiveCfg = Release|Any CPU
		{C18B7765-C1F8-4769-A114-291D0BDB5865}.Release|Any CPU.Build.0 = Release|Any CPU
		{C18B7765-C1F8-4769-A114-291D0BDB5865}.Release|Mixed Platforms.ActiveCfg = Release|Any CPU
		{C18B7765-C1F8-4769-A114-291D0BDB5865}.Release|Mixed Platforms.Build.0 = Release|Any CPU
		{C18B7765-C1F8-4769-A114-291D0BDB5865}.Release|x86.ActiveCfg = Release|Any CPU
		{C18B7765-C1F8-4769-A114-291D0BDB5865}.Silverlight2|Any CPU.ActiveCfg = Release|Any CPU
		{C18B7765-C1F8-4769-A114-291D0BDB5865}.Silverlight2|Any CPU.Build.0 = Release|Any CPU
		{C18B7765-C1F8-4769-A114-291D0BDB5865}.Silverlight2|Mixed Platforms.ActiveCfg = Release|Any CPU
		{C18B7765-C1F8-4769-A114-291D0BDB5865}.Silverlight2|Mixed Platforms.Build.0 = Release|Any CPU
		{C18B7765-C1F8-4769-A114-291D0BDB5865}.Silverlight2|x86.ActiveCfg = Release|Any CPU
		{72547B2C-C28A-4A6B-B0AD-0F0229EA72B6}.Debug|Any CPU.ActiveCfg = Debug|x86
		{72547B2C-C28A-4A6B-B0AD-0F0229EA72B6}.Debug|Mixed Platforms.ActiveCfg = Debug|x86
		{72547B2C-C28A-4A6B-B0AD-0F0229EA72B6}.Debug|Mixed Platforms.Build.0 = Debug|x86
		{72547B2C-C28A-4A6B-B0AD-0F0229EA72B6}.Debug|x86.ActiveCfg = Debug|x86
		{72547B2C-C28A-4A6B-B0AD-0F0229EA72B6}.Debug|x86.Build.0 = Debug|x86
		{72547B2C-C28A-4A6B-B0AD-0F0229EA72B6}.Net20|Any CPU.ActiveCfg = Release|x86
		{72547B2C-C28A-4A6B-B0AD-0F0229EA72B6}.Net20|Mixed Platforms.ActiveCfg = Release|x86
		{72547B2C-C28A-4A6B-B0AD-0F0229EA72B6}.Net20|Mixed Platforms.Build.0 = Release|x86
		{72547B2C-C28A-4A6B-B0AD-0F0229EA72B6}.Net20|x86.ActiveCfg = Release|x86
		{72547B2C-C28A-4A6B-B0AD-0F0229EA72B6}.Net20|x86.Build.0 = Release|x86
		{72547B2C-C28A-4A6B-B0AD-0F0229EA72B6}.Profile|Any CPU.ActiveCfg = Release|x86
		{72547B2C-C28A-4A6B-B0AD-0F0229EA72B6}.Profile|Mixed Platforms.ActiveCfg = Release|x86
		{72547B2C-C28A-4A6B-B0AD-0F0229EA72B6}.Profile|Mixed Platforms.Build.0 = Release|x86
		{72547B2C-C28A-4A6B-B0AD-0F0229EA72B6}.Profile|x86.ActiveCfg = Release|x86
		{72547B2C-C28A-4A6B-B0AD-0F0229EA72B6}.Profile|x86.Build.0 = Release|x86
		{72547B2C-C28A-4A6B-B0AD-0F0229EA72B6}.Release|Any CPU.ActiveCfg = Release|x86
		{72547B2C-C28A-4A6B-B0AD-0F0229EA72B6}.Release|Mixed Platforms.ActiveCfg = Release|x86
		{72547B2C-C28A-4A6B-B0AD-0F0229EA72B6}.Release|Mixed Platforms.Build.0 = Release|x86
		{72547B2C-C28A-4A6B-B0AD-0F0229EA72B6}.Release|x86.ActiveCfg = Release|x86
		{72547B2C-C28A-4A6B-B0AD-0F0229EA72B6}.Release|x86.Build.0 = Release|x86
		{72547B2C-C28A-4A6B-B0AD-0F0229EA72B6}.Silverlight2|Any CPU.ActiveCfg = Release|x86
		{72547B2C-C28A-4A6B-B0AD-0F0229EA72B6}.Silverlight2|Mixed Platforms.ActiveCfg = Release|x86
		{72547B2C-C28A-4A6B-B0AD-0F0229EA72B6}.Silverlight2|Mixed Platforms.Build.0 = Release|x86
		{72547B2C-C28A-4A6B-B0AD-0F0229EA72B6}.Silverlight2|x86.ActiveCfg = Release|x86
		{72547B2C-C28A-4A6B-B0AD-0F0229EA72B6}.Silverlight2|x86.Build.0 = Release|x86
		{4EA53696-0F13-4D14-8A0B-CF40A313FD96}.Debug|Any CPU.ActiveCfg = Debug|x86
		{4EA53696-0F13-4D14-8A0B-CF40A313FD96}.Debug|Mixed Platforms.ActiveCfg = Debug|x86
		{4EA53696-0F13-4D14-8A0B-CF40A313FD96}.Debug|Mixed Platforms.Build.0 = Debug|x86
		{4EA53696-0F13-4D14-8A0B-CF40A313FD96}.Debug|x86.ActiveCfg = Debug|x86
		{4EA53696-0F13-4D14-8A0B-CF40A313FD96}.Net20|Any CPU.ActiveCfg = Release|x86
		{4EA53696-0F13-4D14-8A0B-CF40A313FD96}.Net20|Mixed Platforms.ActiveCfg = Release|x86
		{4EA53696-0F13-4D14-8A0B-CF40A313FD96}.Net20|x86.ActiveCfg = Release|x86
		{4EA53696-0F13-4D14-8A0B-CF40A313FD96}.Profile|Any CPU.ActiveCfg = Release|x86
		{4EA53696-0F13-4D14-8A0B-CF40A313FD96}.Profile|Mixed Platforms.ActiveCfg = Release|x86
		{4EA53696-0F13-4D14-8A0B-CF40A313FD96}.Profile|x86.ActiveCfg = Release|x86
		{4EA53696-0F13-4D14-8A0B-CF40A313FD96}.Release|Any CPU.ActiveCfg = Release|x86
		{4EA53696-0F13-4D14-8A0B-CF40A313FD96}.Release|Mixed Platforms.ActiveCfg = Release|x86
		{4EA53696-0F13-4D14-8A0B-CF40A313FD96}.Release|x86.ActiveCfg = Release|x86
		{4EA53696-0F13-4D14-8A0B-CF40A313FD96}.Silverlight2|Any CPU.ActiveCfg = Release|x86
		{4EA53696-0F13-4D14-8A0B-CF40A313FD96}.Silverlight2|Mixed Platforms.ActiveCfg = Release|x86
		{4EA53696-0F13-4D14-8A0B-CF40A313FD96}.Silverlight2|x86.ActiveCfg = Release|x86
	EndGlobalSection
	GlobalSection(SolutionProperties) = preSolution
		HideSolutionNode = FALSE
	EndGlobalSection
EndGlobal
