
Microsoft Visual Studio Solution File, Format Version 11.00
# Visual Studio 2010
Project("{FAE04EC0-301F-11D3-BF4B-00C04F79EFBC}") = "DistributedServiceProvider", "DistributedServiceProvider\DistributedServiceProvider.csproj", "{8ED2362E-9295-4BED-B43B-2F907AD7741D}"
EndProject
Project("{FAE04EC0-301F-11D3-BF4B-00C04F79EFBC}") = "TestProject", "TestProject\TestProject.csproj", "{B071632D-328F-4FDA-875A-9888632988F9}"
EndProject
Project("{2150E333-8FDC-42A3-9474-1A3956D46DE8}") = "Solution Items", "Solution Items", "{366CB3BE-35B6-48DA-A539-A7FAA5B99A10}"
	ProjectSection(SolutionItems) = preProject
		DistributedServiceProvider.vsmdi = DistributedServiceProvider.vsmdi
		Local.testsettings = Local.testsettings
		TraceAndTestImpact.testsettings = TraceAndTestImpact.testsettings
	EndProjectSection
EndProject
Project("{FAE04EC0-301F-11D3-BF4B-00C04F79EFBC}") = "DistributedServiceProvider.Base", "DistributedServiceProviderModels\DistributedServiceProvider.Base.csproj", "{024ECFB7-AA89-4C58-BE96-C2488EEA877A}"
EndProject
Project("{FAE04EC0-301F-11D3-BF4B-00C04F79EFBC}") = "ConsoleClient", "ConsoleClient\ConsoleClient.csproj", "{BDC795F5-0329-455F-8EAD-40755B6BFE61}"
EndProject
Project("{FAE04EC0-301F-11D3-BF4B-00C04F79EFBC}") = "LoggerMessages", "LoggerMessages\LoggerMessages.csproj", "{A40A2B1E-100D-431B-86FC-2665738470A5}"
EndProject
Project("{FAE04EC0-301F-11D3-BF4B-00C04F79EFBC}") = "Consumers", "Consumers\Consumers.csproj", "{BDB86EDE-72A3-47FD-9F8C-73521664066C}"
EndProject
Project("{FAE04EC0-301F-11D3-BF4B-00C04F79EFBC}") = "protobuf-net", "..\protobuf.net\protobuf-net\protobuf-net.csproj", "{8374E4D7-2A91-48F1-9360-09B09CF27C3F}"
EndProject
Project("{FAE04EC0-301F-11D3-BF4B-00C04F79EFBC}") = "DigitalFountain", "..\DigitalFountain\DigitalFountain\DigitalFountain.csproj", "{804CE79B-2B31-40B8-BF30-F56DD254A5A6}"
EndProject
Project("{FAE04EC0-301F-11D3-BF4B-00C04F79EFBC}") = "DEMO_MapReduce", "DEMO_MapReduce\DEMO_MapReduce.csproj", "{D48AC803-628B-4D97-B933-E6A4A149AB11}"
EndProject
Global
	GlobalSection(TestCaseManagementSettings) = postSolution
		CategoryFile = DistributedServiceProvider.vsmdi
	EndGlobalSection
	GlobalSection(SolutionConfigurationPlatforms) = preSolution
		Debug|Any CPU = Debug|Any CPU
		Debug|Mixed Platforms = Debug|Mixed Platforms
		Debug|Win32 = Debug|Win32
		Debug|x86 = Debug|x86
		Net20|Any CPU = Net20|Any CPU
		Net20|Mixed Platforms = Net20|Mixed Platforms
		Net20|Win32 = Net20|Win32
		Net20|x86 = Net20|x86
		Profile|Any CPU = Profile|Any CPU
		Profile|Mixed Platforms = Profile|Mixed Platforms
		Profile|Win32 = Profile|Win32
		Profile|x86 = Profile|x86
		Release|Any CPU = Release|Any CPU
		Release|Mixed Platforms = Release|Mixed Platforms
		Release|Win32 = Release|Win32
		Release|x86 = Release|x86
		Release20|Any CPU = Release20|Any CPU
		Release20|Mixed Platforms = Release20|Mixed Platforms
		Release20|Win32 = Release20|Win32
		Release20|x86 = Release20|x86
		Silverlight2|Any CPU = Silverlight2|Any CPU
		Silverlight2|Mixed Platforms = Silverlight2|Mixed Platforms
		Silverlight2|Win32 = Silverlight2|Win32
		Silverlight2|x86 = Silverlight2|x86
	EndGlobalSection
	GlobalSection(ProjectConfigurationPlatforms) = postSolution
		{8ED2362E-9295-4BED-B43B-2F907AD7741D}.Debug|Any CPU.ActiveCfg = Debug|Any CPU
		{8ED2362E-9295-4BED-B43B-2F907AD7741D}.Debug|Any CPU.Build.0 = Debug|Any CPU
		{8ED2362E-9295-4BED-B43B-2F907AD7741D}.Debug|Mixed Platforms.ActiveCfg = Debug|Any CPU
		{8ED2362E-9295-4BED-B43B-2F907AD7741D}.Debug|Mixed Platforms.Build.0 = Debug|Any CPU
		{8ED2362E-9295-4BED-B43B-2F907AD7741D}.Debug|Win32.ActiveCfg = Debug|Any CPU
		{8ED2362E-9295-4BED-B43B-2F907AD7741D}.Debug|x86.ActiveCfg = Debug|Any CPU
		{8ED2362E-9295-4BED-B43B-2F907AD7741D}.Net20|Any CPU.ActiveCfg = Release|Any CPU
		{8ED2362E-9295-4BED-B43B-2F907AD7741D}.Net20|Any CPU.Build.0 = Release|Any CPU
		{8ED2362E-9295-4BED-B43B-2F907AD7741D}.Net20|Mixed Platforms.ActiveCfg = Release|Any CPU
		{8ED2362E-9295-4BED-B43B-2F907AD7741D}.Net20|Mixed Platforms.Build.0 = Release|Any CPU
		{8ED2362E-9295-4BED-B43B-2F907AD7741D}.Net20|Win32.ActiveCfg = Release|Any CPU
		{8ED2362E-9295-4BED-B43B-2F907AD7741D}.Net20|x86.ActiveCfg = Release|Any CPU
		{8ED2362E-9295-4BED-B43B-2F907AD7741D}.Profile|Any CPU.ActiveCfg = Release|Any CPU
		{8ED2362E-9295-4BED-B43B-2F907AD7741D}.Profile|Any CPU.Build.0 = Release|Any CPU
		{8ED2362E-9295-4BED-B43B-2F907AD7741D}.Profile|Mixed Platforms.ActiveCfg = Release|Any CPU
		{8ED2362E-9295-4BED-B43B-2F907AD7741D}.Profile|Mixed Platforms.Build.0 = Release|Any CPU
		{8ED2362E-9295-4BED-B43B-2F907AD7741D}.Profile|Win32.ActiveCfg = Release|Any CPU
		{8ED2362E-9295-4BED-B43B-2F907AD7741D}.Profile|x86.ActiveCfg = Release|Any CPU
		{8ED2362E-9295-4BED-B43B-2F907AD7741D}.Release|Any CPU.ActiveCfg = Release|Any CPU
		{8ED2362E-9295-4BED-B43B-2F907AD7741D}.Release|Any CPU.Build.0 = Release|Any CPU
		{8ED2362E-9295-4BED-B43B-2F907AD7741D}.Release|Mixed Platforms.ActiveCfg = Release|Any CPU
		{8ED2362E-9295-4BED-B43B-2F907AD7741D}.Release|Mixed Platforms.Build.0 = Release|Any CPU
		{8ED2362E-9295-4BED-B43B-2F907AD7741D}.Release|Win32.ActiveCfg = Release|Any CPU
		{8ED2362E-9295-4BED-B43B-2F907AD7741D}.Release|x86.ActiveCfg = Release|Any CPU
		{8ED2362E-9295-4BED-B43B-2F907AD7741D}.Release20|Any CPU.ActiveCfg = Release|Any CPU
		{8ED2362E-9295-4BED-B43B-2F907AD7741D}.Release20|Any CPU.Build.0 = Release|Any CPU
		{8ED2362E-9295-4BED-B43B-2F907AD7741D}.Release20|Mixed Platforms.ActiveCfg = Release|Any CPU
		{8ED2362E-9295-4BED-B43B-2F907AD7741D}.Release20|Mixed Platforms.Build.0 = Release|Any CPU
		{8ED2362E-9295-4BED-B43B-2F907AD7741D}.Release20|Win32.ActiveCfg = Release|Any CPU
		{8ED2362E-9295-4BED-B43B-2F907AD7741D}.Release20|x86.ActiveCfg = Release|Any CPU
		{8ED2362E-9295-4BED-B43B-2F907AD7741D}.Silverlight2|Any CPU.ActiveCfg = Release|Any CPU
		{8ED2362E-9295-4BED-B43B-2F907AD7741D}.Silverlight2|Any CPU.Build.0 = Release|Any CPU
		{8ED2362E-9295-4BED-B43B-2F907AD7741D}.Silverlight2|Mixed Platforms.ActiveCfg = Release|Any CPU
		{8ED2362E-9295-4BED-B43B-2F907AD7741D}.Silverlight2|Mixed Platforms.Build.0 = Release|Any CPU
		{8ED2362E-9295-4BED-B43B-2F907AD7741D}.Silverlight2|Win32.ActiveCfg = Release|Any CPU
		{8ED2362E-9295-4BED-B43B-2F907AD7741D}.Silverlight2|x86.ActiveCfg = Release|Any CPU
		{B071632D-328F-4FDA-875A-9888632988F9}.Debug|Any CPU.ActiveCfg = Debug|Any CPU
		{B071632D-328F-4FDA-875A-9888632988F9}.Debug|Any CPU.Build.0 = Debug|Any CPU
		{B071632D-328F-4FDA-875A-9888632988F9}.Debug|Mixed Platforms.ActiveCfg = Debug|Any CPU
		{B071632D-328F-4FDA-875A-9888632988F9}.Debug|Mixed Platforms.Build.0 = Debug|Any CPU
		{B071632D-328F-4FDA-875A-9888632988F9}.Debug|Win32.ActiveCfg = Debug|Any CPU
		{B071632D-328F-4FDA-875A-9888632988F9}.Debug|x86.ActiveCfg = Debug|Any CPU
		{B071632D-328F-4FDA-875A-9888632988F9}.Net20|Any CPU.ActiveCfg = Release|Any CPU
		{B071632D-328F-4FDA-875A-9888632988F9}.Net20|Any CPU.Build.0 = Release|Any CPU
		{B071632D-328F-4FDA-875A-9888632988F9}.Net20|Mixed Platforms.ActiveCfg = Release|Any CPU
		{B071632D-328F-4FDA-875A-9888632988F9}.Net20|Mixed Platforms.Build.0 = Release|Any CPU
		{B071632D-328F-4FDA-875A-9888632988F9}.Net20|Win32.ActiveCfg = Release|Any CPU
		{B071632D-328F-4FDA-875A-9888632988F9}.Net20|x86.ActiveCfg = Release|Any CPU
		{B071632D-328F-4FDA-875A-9888632988F9}.Profile|Any CPU.ActiveCfg = Release|Any CPU
		{B071632D-328F-4FDA-875A-9888632988F9}.Profile|Any CPU.Build.0 = Release|Any CPU
		{B071632D-328F-4FDA-875A-9888632988F9}.Profile|Mixed Platforms.ActiveCfg = Release|Any CPU
		{B071632D-328F-4FDA-875A-9888632988F9}.Profile|Mixed Platforms.Build.0 = Release|Any CPU
		{B071632D-328F-4FDA-875A-9888632988F9}.Profile|Win32.ActiveCfg = Release|Any CPU
		{B071632D-328F-4FDA-875A-9888632988F9}.Profile|x86.ActiveCfg = Release|Any CPU
		{B071632D-328F-4FDA-875A-9888632988F9}.Release|Any CPU.ActiveCfg = Release|Any CPU
		{B071632D-328F-4FDA-875A-9888632988F9}.Release|Any CPU.Build.0 = Release|Any CPU
		{B071632D-328F-4FDA-875A-9888632988F9}.Release|Mixed Platforms.ActiveCfg = Release|Any CPU
		{B071632D-328F-4FDA-875A-9888632988F9}.Release|Mixed Platforms.Build.0 = Release|Any CPU
		{B071632D-328F-4FDA-875A-9888632988F9}.Release|Win32.ActiveCfg = Release|Any CPU
		{B071632D-328F-4FDA-875A-9888632988F9}.Release|x86.ActiveCfg = Release|Any CPU
		{B071632D-328F-4FDA-875A-9888632988F9}.Release20|Any CPU.ActiveCfg = Release|Any CPU
		{B071632D-328F-4FDA-875A-9888632988F9}.Release20|Any CPU.Build.0 = Release|Any CPU
		{B071632D-328F-4FDA-875A-9888632988F9}.Release20|Mixed Platforms.ActiveCfg = Release|Any CPU
		{B071632D-328F-4FDA-875A-9888632988F9}.Release20|Mixed Platforms.Build.0 = Release|Any CPU
		{B071632D-328F-4FDA-875A-9888632988F9}.Release20|Win32.ActiveCfg = Release|Any CPU
		{B071632D-328F-4FDA-875A-9888632988F9}.Release20|x86.ActiveCfg = Release|Any CPU
		{B071632D-328F-4FDA-875A-9888632988F9}.Silverlight2|Any CPU.ActiveCfg = Release|Any CPU
		{B071632D-328F-4FDA-875A-9888632988F9}.Silverlight2|Any CPU.Build.0 = Release|Any CPU
		{B071632D-328F-4FDA-875A-9888632988F9}.Silverlight2|Mixed Platforms.ActiveCfg = Release|Any CPU
		{B071632D-328F-4FDA-875A-9888632988F9}.Silverlight2|Mixed Platforms.Build.0 = Release|Any CPU
		{B071632D-328F-4FDA-875A-9888632988F9}.Silverlight2|Win32.ActiveCfg = Release|Any CPU
		{B071632D-328F-4FDA-875A-9888632988F9}.Silverlight2|x86.ActiveCfg = Release|Any CPU
		{024ECFB7-AA89-4C58-BE96-C2488EEA877A}.Debug|Any CPU.ActiveCfg = Debug|Any CPU
		{024ECFB7-AA89-4C58-BE96-C2488EEA877A}.Debug|Any CPU.Build.0 = Debug|Any CPU
		{024ECFB7-AA89-4C58-BE96-C2488EEA877A}.Debug|Mixed Platforms.ActiveCfg = Debug|Any CPU
		{024ECFB7-AA89-4C58-BE96-C2488EEA877A}.Debug|Mixed Platforms.Build.0 = Debug|Any CPU
		{024ECFB7-AA89-4C58-BE96-C2488EEA877A}.Debug|Win32.ActiveCfg = Debug|Any CPU
		{024ECFB7-AA89-4C58-BE96-C2488EEA877A}.Debug|x86.ActiveCfg = Debug|Any CPU
		{024ECFB7-AA89-4C58-BE96-C2488EEA877A}.Net20|Any CPU.ActiveCfg = Release|Any CPU
		{024ECFB7-AA89-4C58-BE96-C2488EEA877A}.Net20|Any CPU.Build.0 = Release|Any CPU
		{024ECFB7-AA89-4C58-BE96-C2488EEA877A}.Net20|Mixed Platforms.ActiveCfg = Release|Any CPU
		{024ECFB7-AA89-4C58-BE96-C2488EEA877A}.Net20|Mixed Platforms.Build.0 = Release|Any CPU
		{024ECFB7-AA89-4C58-BE96-C2488EEA877A}.Net20|Win32.ActiveCfg = Release|Any CPU
		{024ECFB7-AA89-4C58-BE96-C2488EEA877A}.Net20|x86.ActiveCfg = Release|Any CPU
		{024ECFB7-AA89-4C58-BE96-C2488EEA877A}.Profile|Any CPU.ActiveCfg = Release|Any CPU
		{024ECFB7-AA89-4C58-BE96-C2488EEA877A}.Profile|Any CPU.Build.0 = Release|Any CPU
		{024ECFB7-AA89-4C58-BE96-C2488EEA877A}.Profile|Mixed Platforms.ActiveCfg = Release|Any CPU
		{024ECFB7-AA89-4C58-BE96-C2488EEA877A}.Profile|Mixed Platforms.Build.0 = Release|Any CPU
		{024ECFB7-AA89-4C58-BE96-C2488EEA877A}.Profile|Win32.ActiveCfg = Release|Any CPU
		{024ECFB7-AA89-4C58-BE96-C2488EEA877A}.Profile|x86.ActiveCfg = Release|Any CPU
		{024ECFB7-AA89-4C58-BE96-C2488EEA877A}.Release|Any CPU.ActiveCfg = Release|Any CPU
		{024ECFB7-AA89-4C58-BE96-C2488EEA877A}.Release|Any CPU.Build.0 = Release|Any CPU
		{024ECFB7-AA89-4C58-BE96-C2488EEA877A}.Release|Mixed Platforms.ActiveCfg = Release|Any CPU
		{024ECFB7-AA89-4C58-BE96-C2488EEA877A}.Release|Mixed Platforms.Build.0 = Release|Any CPU
		{024ECFB7-AA89-4C58-BE96-C2488EEA877A}.Release|Win32.ActiveCfg = Release|Any CPU
		{024ECFB7-AA89-4C58-BE96-C2488EEA877A}.Release|x86.ActiveCfg = Release|Any CPU
		{024ECFB7-AA89-4C58-BE96-C2488EEA877A}.Release20|Any CPU.ActiveCfg = Release|Any CPU
		{024ECFB7-AA89-4C58-BE96-C2488EEA877A}.Release20|Any CPU.Build.0 = Release|Any CPU
		{024ECFB7-AA89-4C58-BE96-C2488EEA877A}.Release20|Mixed Platforms.ActiveCfg = Release|Any CPU
		{024ECFB7-AA89-4C58-BE96-C2488EEA877A}.Release20|Mixed Platforms.Build.0 = Release|Any CPU
		{024ECFB7-AA89-4C58-BE96-C2488EEA877A}.Release20|Win32.ActiveCfg = Release|Any CPU
		{024ECFB7-AA89-4C58-BE96-C2488EEA877A}.Release20|x86.ActiveCfg = Release|Any CPU
		{024ECFB7-AA89-4C58-BE96-C2488EEA877A}.Silverlight2|Any CPU.ActiveCfg = Release|Any CPU
		{024ECFB7-AA89-4C58-BE96-C2488EEA877A}.Silverlight2|Any CPU.Build.0 = Release|Any CPU
		{024ECFB7-AA89-4C58-BE96-C2488EEA877A}.Silverlight2|Mixed Platforms.ActiveCfg = Release|Any CPU
		{024ECFB7-AA89-4C58-BE96-C2488EEA877A}.Silverlight2|Mixed Platforms.Build.0 = Release|Any CPU
		{024ECFB7-AA89-4C58-BE96-C2488EEA877A}.Silverlight2|Win32.ActiveCfg = Release|Any CPU
		{024ECFB7-AA89-4C58-BE96-C2488EEA877A}.Silverlight2|x86.ActiveCfg = Release|Any CPU
		{BDC795F5-0329-455F-8EAD-40755B6BFE61}.Debug|Any CPU.ActiveCfg = Debug|x86
		{BDC795F5-0329-455F-8EAD-40755B6BFE61}.Debug|Any CPU.Build.0 = Debug|x86
		{BDC795F5-0329-455F-8EAD-40755B6BFE61}.Debug|Mixed Platforms.ActiveCfg = Debug|x86
		{BDC795F5-0329-455F-8EAD-40755B6BFE61}.Debug|Mixed Platforms.Build.0 = Debug|x86
		{BDC795F5-0329-455F-8EAD-40755B6BFE61}.Debug|Win32.ActiveCfg = Debug|x86
		{BDC795F5-0329-455F-8EAD-40755B6BFE61}.Debug|x86.ActiveCfg = Debug|x86
		{BDC795F5-0329-455F-8EAD-40755B6BFE61}.Debug|x86.Build.0 = Debug|x86
		{BDC795F5-0329-455F-8EAD-40755B6BFE61}.Net20|Any CPU.ActiveCfg = Release|x86
		{BDC795F5-0329-455F-8EAD-40755B6BFE61}.Net20|Mixed Platforms.ActiveCfg = Release|x86
		{BDC795F5-0329-455F-8EAD-40755B6BFE61}.Net20|Mixed Platforms.Build.0 = Release|x86
		{BDC795F5-0329-455F-8EAD-40755B6BFE61}.Net20|Win32.ActiveCfg = Release|x86
		{BDC795F5-0329-455F-8EAD-40755B6BFE61}.Net20|x86.ActiveCfg = Release|x86
		{BDC795F5-0329-455F-8EAD-40755B6BFE61}.Net20|x86.Build.0 = Release|x86
		{BDC795F5-0329-455F-8EAD-40755B6BFE61}.Profile|Any CPU.ActiveCfg = Release|x86
		{BDC795F5-0329-455F-8EAD-40755B6BFE61}.Profile|Mixed Platforms.ActiveCfg = Release|x86
		{BDC795F5-0329-455F-8EAD-40755B6BFE61}.Profile|Mixed Platforms.Build.0 = Release|x86
		{BDC795F5-0329-455F-8EAD-40755B6BFE61}.Profile|Win32.ActiveCfg = Release|x86
		{BDC795F5-0329-455F-8EAD-40755B6BFE61}.Profile|x86.ActiveCfg = Release|x86
		{BDC795F5-0329-455F-8EAD-40755B6BFE61}.Profile|x86.Build.0 = Release|x86
		{BDC795F5-0329-455F-8EAD-40755B6BFE61}.Release|Any CPU.ActiveCfg = Release|x86
		{BDC795F5-0329-455F-8EAD-40755B6BFE61}.Release|Mixed Platforms.ActiveCfg = Release|x86
		{BDC795F5-0329-455F-8EAD-40755B6BFE61}.Release|Mixed Platforms.Build.0 = Release|x86
		{BDC795F5-0329-455F-8EAD-40755B6BFE61}.Release|Win32.ActiveCfg = Release|x86
		{BDC795F5-0329-455F-8EAD-40755B6BFE61}.Release|x86.ActiveCfg = Release|x86
		{BDC795F5-0329-455F-8EAD-40755B6BFE61}.Release|x86.Build.0 = Release|x86
		{BDC795F5-0329-455F-8EAD-40755B6BFE61}.Release20|Any CPU.ActiveCfg = Release|x86
		{BDC795F5-0329-455F-8EAD-40755B6BFE61}.Release20|Mixed Platforms.ActiveCfg = Release|x86
		{BDC795F5-0329-455F-8EAD-40755B6BFE61}.Release20|Mixed Platforms.Build.0 = Release|x86
		{BDC795F5-0329-455F-8EAD-40755B6BFE61}.Release20|Win32.ActiveCfg = Release|x86
		{BDC795F5-0329-455F-8EAD-40755B6BFE61}.Release20|x86.ActiveCfg = Release|x86
		{BDC795F5-0329-455F-8EAD-40755B6BFE61}.Release20|x86.Build.0 = Release|x86
		{BDC795F5-0329-455F-8EAD-40755B6BFE61}.Silverlight2|Any CPU.ActiveCfg = Release|x86
		{BDC795F5-0329-455F-8EAD-40755B6BFE61}.Silverlight2|Mixed Platforms.ActiveCfg = Release|x86
		{BDC795F5-0329-455F-8EAD-40755B6BFE61}.Silverlight2|Mixed Platforms.Build.0 = Release|x86
		{BDC795F5-0329-455F-8EAD-40755B6BFE61}.Silverlight2|Win32.ActiveCfg = Release|x86
		{BDC795F5-0329-455F-8EAD-40755B6BFE61}.Silverlight2|x86.ActiveCfg = Release|x86
		{BDC795F5-0329-455F-8EAD-40755B6BFE61}.Silverlight2|x86.Build.0 = Release|x86
		{A40A2B1E-100D-431B-86FC-2665738470A5}.Debug|Any CPU.ActiveCfg = Debug|Any CPU
		{A40A2B1E-100D-431B-86FC-2665738470A5}.Debug|Any CPU.Build.0 = Debug|Any CPU
		{A40A2B1E-100D-431B-86FC-2665738470A5}.Debug|Mixed Platforms.ActiveCfg = Debug|Any CPU
		{A40A2B1E-100D-431B-86FC-2665738470A5}.Debug|Mixed Platforms.Build.0 = Debug|Any CPU
		{A40A2B1E-100D-431B-86FC-2665738470A5}.Debug|Win32.ActiveCfg = Debug|Any CPU
		{A40A2B1E-100D-431B-86FC-2665738470A5}.Debug|x86.ActiveCfg = Debug|Any CPU
		{A40A2B1E-100D-431B-86FC-2665738470A5}.Net20|Any CPU.ActiveCfg = Release|Any CPU
		{A40A2B1E-100D-431B-86FC-2665738470A5}.Net20|Any CPU.Build.0 = Release|Any CPU
		{A40A2B1E-100D-431B-86FC-2665738470A5}.Net20|Mixed Platforms.ActiveCfg = Release|Any CPU
		{A40A2B1E-100D-431B-86FC-2665738470A5}.Net20|Mixed Platforms.Build.0 = Release|Any CPU
		{A40A2B1E-100D-431B-86FC-2665738470A5}.Net20|Win32.ActiveCfg = Release|Any CPU
		{A40A2B1E-100D-431B-86FC-2665738470A5}.Net20|x86.ActiveCfg = Release|Any CPU
		{A40A2B1E-100D-431B-86FC-2665738470A5}.Profile|Any CPU.ActiveCfg = Release|Any CPU
		{A40A2B1E-100D-431B-86FC-2665738470A5}.Profile|Any CPU.Build.0 = Release|Any CPU
		{A40A2B1E-100D-431B-86FC-2665738470A5}.Profile|Mixed Platforms.ActiveCfg = Release|Any CPU
		{A40A2B1E-100D-431B-86FC-2665738470A5}.Profile|Mixed Platforms.Build.0 = Release|Any CPU
		{A40A2B1E-100D-431B-86FC-2665738470A5}.Profile|Win32.ActiveCfg = Release|Any CPU
		{A40A2B1E-100D-431B-86FC-2665738470A5}.Profile|x86.ActiveCfg = Release|Any CPU
		{A40A2B1E-100D-431B-86FC-2665738470A5}.Release|Any CPU.ActiveCfg = Release|Any CPU
		{A40A2B1E-100D-431B-86FC-2665738470A5}.Release|Any CPU.Build.0 = Release|Any CPU
		{A40A2B1E-100D-431B-86FC-2665738470A5}.Release|Mixed Platforms.ActiveCfg = Release|Any CPU
		{A40A2B1E-100D-431B-86FC-2665738470A5}.Release|Mixed Platforms.Build.0 = Release|Any CPU
		{A40A2B1E-100D-431B-86FC-2665738470A5}.Release|Win32.ActiveCfg = Release|Any CPU
		{A40A2B1E-100D-431B-86FC-2665738470A5}.Release|x86.ActiveCfg = Release|Any CPU
		{A40A2B1E-100D-431B-86FC-2665738470A5}.Release20|Any CPU.ActiveCfg = Release|Any CPU
		{A40A2B1E-100D-431B-86FC-2665738470A5}.Release20|Any CPU.Build.0 = Release|Any CPU
		{A40A2B1E-100D-431B-86FC-2665738470A5}.Release20|Mixed Platforms.ActiveCfg = Release|Any CPU
		{A40A2B1E-100D-431B-86FC-2665738470A5}.Release20|Mixed Platforms.Build.0 = Release|Any CPU
		{A40A2B1E-100D-431B-86FC-2665738470A5}.Release20|Win32.ActiveCfg = Release|Any CPU
		{A40A2B1E-100D-431B-86FC-2665738470A5}.Release20|x86.ActiveCfg = Release|Any CPU
		{A40A2B1E-100D-431B-86FC-2665738470A5}.Silverlight2|Any CPU.ActiveCfg = Release|Any CPU
		{A40A2B1E-100D-431B-86FC-2665738470A5}.Silverlight2|Any CPU.Build.0 = Release|Any CPU
		{A40A2B1E-100D-431B-86FC-2665738470A5}.Silverlight2|Mixed Platforms.ActiveCfg = Release|Any CPU
		{A40A2B1E-100D-431B-86FC-2665738470A5}.Silverlight2|Mixed Platforms.Build.0 = Release|Any CPU
		{A40A2B1E-100D-431B-86FC-2665738470A5}.Silverlight2|Win32.ActiveCfg = Release|Any CPU
		{A40A2B1E-100D-431B-86FC-2665738470A5}.Silverlight2|x86.ActiveCfg = Release|Any CPU
		{BDB86EDE-72A3-47FD-9F8C-73521664066C}.Debug|Any CPU.ActiveCfg = Debug|Any CPU
		{BDB86EDE-72A3-47FD-9F8C-73521664066C}.Debug|Any CPU.Build.0 = Debug|Any CPU
		{BDB86EDE-72A3-47FD-9F8C-73521664066C}.Debug|Mixed Platforms.ActiveCfg = Debug|Any CPU
		{BDB86EDE-72A3-47FD-9F8C-73521664066C}.Debug|Mixed Platforms.Build.0 = Debug|Any CPU
		{BDB86EDE-72A3-47FD-9F8C-73521664066C}.Debug|Win32.ActiveCfg = Debug|Any CPU
		{BDB86EDE-72A3-47FD-9F8C-73521664066C}.Debug|x86.ActiveCfg = Debug|Any CPU
		{BDB86EDE-72A3-47FD-9F8C-73521664066C}.Net20|Any CPU.ActiveCfg = Release|Any CPU
		{BDB86EDE-72A3-47FD-9F8C-73521664066C}.Net20|Any CPU.Build.0 = Release|Any CPU
		{BDB86EDE-72A3-47FD-9F8C-73521664066C}.Net20|Mixed Platforms.ActiveCfg = Release|Any CPU
		{BDB86EDE-72A3-47FD-9F8C-73521664066C}.Net20|Mixed Platforms.Build.0 = Release|Any CPU
		{BDB86EDE-72A3-47FD-9F8C-73521664066C}.Net20|Win32.ActiveCfg = Release|Any CPU
		{BDB86EDE-72A3-47FD-9F8C-73521664066C}.Net20|x86.ActiveCfg = Release|Any CPU
		{BDB86EDE-72A3-47FD-9F8C-73521664066C}.Profile|Any CPU.ActiveCfg = Release|Any CPU
		{BDB86EDE-72A3-47FD-9F8C-73521664066C}.Profile|Any CPU.Build.0 = Release|Any CPU
		{BDB86EDE-72A3-47FD-9F8C-73521664066C}.Profile|Mixed Platforms.ActiveCfg = Release|Any CPU
		{BDB86EDE-72A3-47FD-9F8C-73521664066C}.Profile|Mixed Platforms.Build.0 = Release|Any CPU
		{BDB86EDE-72A3-47FD-9F8C-73521664066C}.Profile|Win32.ActiveCfg = Release|Any CPU
		{BDB86EDE-72A3-47FD-9F8C-73521664066C}.Profile|x86.ActiveCfg = Release|Any CPU
		{BDB86EDE-72A3-47FD-9F8C-73521664066C}.Release|Any CPU.ActiveCfg = Release|Any CPU
		{BDB86EDE-72A3-47FD-9F8C-73521664066C}.Release|Any CPU.Build.0 = Release|Any CPU
		{BDB86EDE-72A3-47FD-9F8C-73521664066C}.Release|Mixed Platforms.ActiveCfg = Release|Any CPU
		{BDB86EDE-72A3-47FD-9F8C-73521664066C}.Release|Mixed Platforms.Build.0 = Release|Any CPU
		{BDB86EDE-72A3-47FD-9F8C-73521664066C}.Release|Win32.ActiveCfg = Release|Any CPU
		{BDB86EDE-72A3-47FD-9F8C-73521664066C}.Release|x86.ActiveCfg = Release|Any CPU
		{BDB86EDE-72A3-47FD-9F8C-73521664066C}.Release20|Any CPU.ActiveCfg = Release|Any CPU
		{BDB86EDE-72A3-47FD-9F8C-73521664066C}.Release20|Any CPU.Build.0 = Release|Any CPU
		{BDB86EDE-72A3-47FD-9F8C-73521664066C}.Release20|Mixed Platforms.ActiveCfg = Release|Any CPU
		{BDB86EDE-72A3-47FD-9F8C-73521664066C}.Release20|Mixed Platforms.Build.0 = Release|Any CPU
		{BDB86EDE-72A3-47FD-9F8C-73521664066C}.Release20|Win32.ActiveCfg = Release|Any CPU
		{BDB86EDE-72A3-47FD-9F8C-73521664066C}.Release20|x86.ActiveCfg = Release|Any CPU
		{BDB86EDE-72A3-47FD-9F8C-73521664066C}.Silverlight2|Any CPU.ActiveCfg = Release|Any CPU
		{BDB86EDE-72A3-47FD-9F8C-73521664066C}.Silverlight2|Any CPU.Build.0 = Release|Any CPU
		{BDB86EDE-72A3-47FD-9F8C-73521664066C}.Silverlight2|Mixed Platforms.ActiveCfg = Release|Any CPU
		{BDB86EDE-72A3-47FD-9F8C-73521664066C}.Silverlight2|Mixed Platforms.Build.0 = Release|Any CPU
		{BDB86EDE-72A3-47FD-9F8C-73521664066C}.Silverlight2|Win32.ActiveCfg = Release|Any CPU
		{BDB86EDE-72A3-47FD-9F8C-73521664066C}.Silverlight2|x86.ActiveCfg = Release|Any CPU
		{8374E4D7-2A91-48F1-9360-09B09CF27C3F}.Debug|Any CPU.ActiveCfg = Debug|Any CPU
		{8374E4D7-2A91-48F1-9360-09B09CF27C3F}.Debug|Any CPU.Build.0 = Debug|Any CPU
		{8374E4D7-2A91-48F1-9360-09B09CF27C3F}.Debug|Mixed Platforms.ActiveCfg = Debug|Any CPU
		{8374E4D7-2A91-48F1-9360-09B09CF27C3F}.Debug|Mixed Platforms.Build.0 = Debug|Any CPU
		{8374E4D7-2A91-48F1-9360-09B09CF27C3F}.Debug|Win32.ActiveCfg = Debug|Any CPU
		{8374E4D7-2A91-48F1-9360-09B09CF27C3F}.Debug|x86.ActiveCfg = Debug|Any CPU
		{8374E4D7-2A91-48F1-9360-09B09CF27C3F}.Net20|Any CPU.ActiveCfg = Net20|Any CPU
		{8374E4D7-2A91-48F1-9360-09B09CF27C3F}.Net20|Any CPU.Build.0 = Net20|Any CPU
		{8374E4D7-2A91-48F1-9360-09B09CF27C3F}.Net20|Mixed Platforms.ActiveCfg = Net20|Any CPU
		{8374E4D7-2A91-48F1-9360-09B09CF27C3F}.Net20|Mixed Platforms.Build.0 = Net20|Any CPU
		{8374E4D7-2A91-48F1-9360-09B09CF27C3F}.Net20|Win32.ActiveCfg = Net20|Any CPU
		{8374E4D7-2A91-48F1-9360-09B09CF27C3F}.Net20|x86.ActiveCfg = Net20|Any CPU
		{8374E4D7-2A91-48F1-9360-09B09CF27C3F}.Profile|Any CPU.ActiveCfg = Profile|Any CPU
		{8374E4D7-2A91-48F1-9360-09B09CF27C3F}.Profile|Any CPU.Build.0 = Profile|Any CPU
		{8374E4D7-2A91-48F1-9360-09B09CF27C3F}.Profile|Mixed Platforms.ActiveCfg = Profile|Any CPU
		{8374E4D7-2A91-48F1-9360-09B09CF27C3F}.Profile|Mixed Platforms.Build.0 = Profile|Any CPU
		{8374E4D7-2A91-48F1-9360-09B09CF27C3F}.Profile|Win32.ActiveCfg = Profile|Any CPU
		{8374E4D7-2A91-48F1-9360-09B09CF27C3F}.Profile|x86.ActiveCfg = Profile|Any CPU
		{8374E4D7-2A91-48F1-9360-09B09CF27C3F}.Release|Any CPU.ActiveCfg = Release|Any CPU
		{8374E4D7-2A91-48F1-9360-09B09CF27C3F}.Release|Any CPU.Build.0 = Release|Any CPU
		{8374E4D7-2A91-48F1-9360-09B09CF27C3F}.Release|Mixed Platforms.ActiveCfg = Release|Any CPU
		{8374E4D7-2A91-48F1-9360-09B09CF27C3F}.Release|Mixed Platforms.Build.0 = Release|Any CPU
		{8374E4D7-2A91-48F1-9360-09B09CF27C3F}.Release|Win32.ActiveCfg = Release|Any CPU
		{8374E4D7-2A91-48F1-9360-09B09CF27C3F}.Release|x86.ActiveCfg = Release|Any CPU
		{8374E4D7-2A91-48F1-9360-09B09CF27C3F}.Release20|Any CPU.ActiveCfg = Release|Any CPU
		{8374E4D7-2A91-48F1-9360-09B09CF27C3F}.Release20|Any CPU.Build.0 = Release|Any CPU
		{8374E4D7-2A91-48F1-9360-09B09CF27C3F}.Release20|Mixed Platforms.ActiveCfg = Release|Any CPU
		{8374E4D7-2A91-48F1-9360-09B09CF27C3F}.Release20|Mixed Platforms.Build.0 = Release|Any CPU
		{8374E4D7-2A91-48F1-9360-09B09CF27C3F}.Release20|Win32.ActiveCfg = Release|Any CPU
		{8374E4D7-2A91-48F1-9360-09B09CF27C3F}.Release20|x86.ActiveCfg = Release|Any CPU
		{8374E4D7-2A91-48F1-9360-09B09CF27C3F}.Silverlight2|Any CPU.ActiveCfg = Silverlight2|Any CPU
		{8374E4D7-2A91-48F1-9360-09B09CF27C3F}.Silverlight2|Any CPU.Build.0 = Silverlight2|Any CPU
		{8374E4D7-2A91-48F1-9360-09B09CF27C3F}.Silverlight2|Mixed Platforms.ActiveCfg = Silverlight2|Any CPU
		{8374E4D7-2A91-48F1-9360-09B09CF27C3F}.Silverlight2|Mixed Platforms.Build.0 = Silverlight2|Any CPU
		{8374E4D7-2A91-48F1-9360-09B09CF27C3F}.Silverlight2|Win32.ActiveCfg = Silverlight2|Any CPU
		{8374E4D7-2A91-48F1-9360-09B09CF27C3F}.Silverlight2|x86.ActiveCfg = Silverlight2|Any CPU
		{804CE79B-2B31-40B8-BF30-F56DD254A5A6}.Debug|Any CPU.ActiveCfg = Debug|Any CPU
		{804CE79B-2B31-40B8-BF30-F56DD254A5A6}.Debug|Any CPU.Build.0 = Debug|Any CPU
		{804CE79B-2B31-40B8-BF30-F56DD254A5A6}.Debug|Mixed Platforms.ActiveCfg = Debug|Any CPU
		{804CE79B-2B31-40B8-BF30-F56DD254A5A6}.Debug|Mixed Platforms.Build.0 = Debug|Any CPU
		{804CE79B-2B31-40B8-BF30-F56DD254A5A6}.Debug|Win32.ActiveCfg = Debug|Any CPU
		{804CE79B-2B31-40B8-BF30-F56DD254A5A6}.Debug|x86.ActiveCfg = Debug|Any CPU
		{804CE79B-2B31-40B8-BF30-F56DD254A5A6}.Net20|Any CPU.ActiveCfg = Release|Any CPU
		{804CE79B-2B31-40B8-BF30-F56DD254A5A6}.Net20|Any CPU.Build.0 = Release|Any CPU
		{804CE79B-2B31-40B8-BF30-F56DD254A5A6}.Net20|Mixed Platforms.ActiveCfg = Release|Any CPU
		{804CE79B-2B31-40B8-BF30-F56DD254A5A6}.Net20|Mixed Platforms.Build.0 = Release|Any CPU
		{804CE79B-2B31-40B8-BF30-F56DD254A5A6}.Net20|Win32.ActiveCfg = Release|Any CPU
		{804CE79B-2B31-40B8-BF30-F56DD254A5A6}.Net20|x86.ActiveCfg = Release|Any CPU
		{804CE79B-2B31-40B8-BF30-F56DD254A5A6}.Profile|Any CPU.ActiveCfg = Release|Any CPU
		{804CE79B-2B31-40B8-BF30-F56DD254A5A6}.Profile|Any CPU.Build.0 = Release|Any CPU
		{804CE79B-2B31-40B8-BF30-F56DD254A5A6}.Profile|Mixed Platforms.ActiveCfg = Release|Any CPU
		{804CE79B-2B31-40B8-BF30-F56DD254A5A6}.Profile|Mixed Platforms.Build.0 = Release|Any CPU
		{804CE79B-2B31-40B8-BF30-F56DD254A5A6}.Profile|Win32.ActiveCfg = Release|Any CPU
		{804CE79B-2B31-40B8-BF30-F56DD254A5A6}.Profile|x86.ActiveCfg = Release|Any CPU
		{804CE79B-2B31-40B8-BF30-F56DD254A5A6}.Release|Any CPU.ActiveCfg = Release|Any CPU
		{804CE79B-2B31-40B8-BF30-F56DD254A5A6}.Release|Any CPU.Build.0 = Release|Any CPU
		{804CE79B-2B31-40B8-BF30-F56DD254A5A6}.Release|Mixed Platforms.ActiveCfg = Release|Any CPU
		{804CE79B-2B31-40B8-BF30-F56DD254A5A6}.Release|Mixed Platforms.Build.0 = Release|Any CPU
		{804CE79B-2B31-40B8-BF30-F56DD254A5A6}.Release|Win32.ActiveCfg = Release|Any CPU
		{804CE79B-2B31-40B8-BF30-F56DD254A5A6}.Release|x86.ActiveCfg = Release|Any CPU
		{804CE79B-2B31-40B8-BF30-F56DD254A5A6}.Release20|Any CPU.ActiveCfg = Release|Any CPU
		{804CE79B-2B31-40B8-BF30-F56DD254A5A6}.Release20|Any CPU.Build.0 = Release|Any CPU
		{804CE79B-2B31-40B8-BF30-F56DD254A5A6}.Release20|Mixed Platforms.ActiveCfg = Release|Any CPU
		{804CE79B-2B31-40B8-BF30-F56DD254A5A6}.Release20|Mixed Platforms.Build.0 = Release|Any CPU
		{804CE79B-2B31-40B8-BF30-F56DD254A5A6}.Release20|Win32.ActiveCfg = Release|Any CPU
		{804CE79B-2B31-40B8-BF30-F56DD254A5A6}.Release20|x86.ActiveCfg = Release|Any CPU
		{804CE79B-2B31-40B8-BF30-F56DD254A5A6}.Silverlight2|Any CPU.ActiveCfg = Release|Any CPU
		{804CE79B-2B31-40B8-BF30-F56DD254A5A6}.Silverlight2|Any CPU.Build.0 = Release|Any CPU
		{804CE79B-2B31-40B8-BF30-F56DD254A5A6}.Silverlight2|Mixed Platforms.ActiveCfg = Release|Any CPU
		{804CE79B-2B31-40B8-BF30-F56DD254A5A6}.Silverlight2|Mixed Platforms.Build.0 = Release|Any CPU
		{804CE79B-2B31-40B8-BF30-F56DD254A5A6}.Silverlight2|Win32.ActiveCfg = Release|Any CPU
		{804CE79B-2B31-40B8-BF30-F56DD254A5A6}.Silverlight2|x86.ActiveCfg = Release|Any CPU
		{D48AC803-628B-4D97-B933-E6A4A149AB11}.Debug|Any CPU.ActiveCfg = Debug|x86
		{D48AC803-628B-4D97-B933-E6A4A149AB11}.Debug|Any CPU.Build.0 = Debug|x86
		{D48AC803-628B-4D97-B933-E6A4A149AB11}.Debug|Mixed Platforms.ActiveCfg = Debug|x86
		{D48AC803-628B-4D97-B933-E6A4A149AB11}.Debug|Mixed Platforms.Build.0 = Debug|x86
		{D48AC803-628B-4D97-B933-E6A4A149AB11}.Debug|Win32.ActiveCfg = Debug|x86
		{D48AC803-628B-4D97-B933-E6A4A149AB11}.Debug|x86.ActiveCfg = Debug|x86
		{D48AC803-628B-4D97-B933-E6A4A149AB11}.Debug|x86.Build.0 = Debug|x86
		{D48AC803-628B-4D97-B933-E6A4A149AB11}.Net20|Any CPU.ActiveCfg = Release|x86
		{D48AC803-628B-4D97-B933-E6A4A149AB11}.Net20|Mixed Platforms.ActiveCfg = Release|x86
		{D48AC803-628B-4D97-B933-E6A4A149AB11}.Net20|Mixed Platforms.Build.0 = Release|x86
		{D48AC803-628B-4D97-B933-E6A4A149AB11}.Net20|Win32.ActiveCfg = Release|x86
		{D48AC803-628B-4D97-B933-E6A4A149AB11}.Net20|x86.ActiveCfg = Release|x86
		{D48AC803-628B-4D97-B933-E6A4A149AB11}.Net20|x86.Build.0 = Release|x86
		{D48AC803-628B-4D97-B933-E6A4A149AB11}.Profile|Any CPU.ActiveCfg = Release|x86
		{D48AC803-628B-4D97-B933-E6A4A149AB11}.Profile|Mixed Platforms.ActiveCfg = Release|x86
		{D48AC803-628B-4D97-B933-E6A4A149AB11}.Profile|Mixed Platforms.Build.0 = Release|x86
		{D48AC803-628B-4D97-B933-E6A4A149AB11}.Profile|Win32.ActiveCfg = Release|x86
		{D48AC803-628B-4D97-B933-E6A4A149AB11}.Profile|x86.ActiveCfg = Release|x86
		{D48AC803-628B-4D97-B933-E6A4A149AB11}.Profile|x86.Build.0 = Release|x86
		{D48AC803-628B-4D97-B933-E6A4A149AB11}.Release|Any CPU.ActiveCfg = Release|x86
		{D48AC803-628B-4D97-B933-E6A4A149AB11}.Release|Any CPU.Build.0 = Release|x86
		{D48AC803-628B-4D97-B933-E6A4A149AB11}.Release|Mixed Platforms.ActiveCfg = Release|x86
		{D48AC803-628B-4D97-B933-E6A4A149AB11}.Release|Mixed Platforms.Build.0 = Release|x86
		{D48AC803-628B-4D97-B933-E6A4A149AB11}.Release|Win32.ActiveCfg = Release|x86
		{D48AC803-628B-4D97-B933-E6A4A149AB11}.Release|x86.ActiveCfg = Release|x86
		{D48AC803-628B-4D97-B933-E6A4A149AB11}.Release|x86.Build.0 = Release|x86
		{D48AC803-628B-4D97-B933-E6A4A149AB11}.Release20|Any CPU.ActiveCfg = Release|x86
		{D48AC803-628B-4D97-B933-E6A4A149AB11}.Release20|Mixed Platforms.ActiveCfg = Release|x86
		{D48AC803-628B-4D97-B933-E6A4A149AB11}.Release20|Mixed Platforms.Build.0 = Release|x86
		{D48AC803-628B-4D97-B933-E6A4A149AB11}.Release20|Win32.ActiveCfg = Release|x86
		{D48AC803-628B-4D97-B933-E6A4A149AB11}.Release20|x86.ActiveCfg = Release|x86
		{D48AC803-628B-4D97-B933-E6A4A149AB11}.Release20|x86.Build.0 = Release|x86
		{D48AC803-628B-4D97-B933-E6A4A149AB11}.Silverlight2|Any CPU.ActiveCfg = Release|x86
		{D48AC803-628B-4D97-B933-E6A4A149AB11}.Silverlight2|Mixed Platforms.ActiveCfg = Release|x86
		{D48AC803-628B-4D97-B933-E6A4A149AB11}.Silverlight2|Mixed Platforms.Build.0 = Release|x86
		{D48AC803-628B-4D97-B933-E6A4A149AB11}.Silverlight2|Win32.ActiveCfg = Release|x86
		{D48AC803-628B-4D97-B933-E6A4A149AB11}.Silverlight2|x86.ActiveCfg = Release|x86
		{D48AC803-628B-4D97-B933-E6A4A149AB11}.Silverlight2|x86.Build.0 = Release|x86
	EndGlobalSection
	GlobalSection(SolutionProperties) = preSolution
		HideSolutionNode = FALSE
	EndGlobalSection
EndGlobal
